
Microsoft Visual Studio Solution File, Format Version 12.00
# Visual Studio Version 17
VisualStudioVersion = 17.9.34622.214
MinimumVisualStudioVersion = 10.0.40219.1
Project("{FAE04EC0-301F-11D3-BF4B-00C04F79EFBC}") = "CloudFactory", "CloudFactory\CloudFactory.csproj", "{9DBD7A21-600F-4F9B-8CB5-B942D4CA4274}"
EndProject
Global
	GlobalSection(SolutionConfigurationPlatforms) = preSolution
		Debug|Any CPU = Debug|Any CPU
		Release|Any CPU = Release|Any CPU
	EndGlobalSection
	GlobalSection(ProjectConfigurationPlatforms) = postSolution
		{9DBD7A21-600F-4F9B-8CB5-B942D4CA4274}.Debug|Any CPU.ActiveCfg = Debug|Any CPU
		{9DBD7A21-600F-4F9B-8CB5-B942D4CA4274}.Debug|Any CPU.Build.0 = Debug|Any CPU
		{9DBD7A21-600F-4F9B-8CB5-B942D4CA4274}.Release|Any CPU.ActiveCfg = Release|Any CPU
		{9DBD7A21-600F-4F9B-8CB5-B942D4CA4274}.Release|Any CPU.Build.0 = Release|Any CPU
	EndGlobalSection
	GlobalSection(SolutionProperties) = preSolution
		HideSolutionNode = FALSE
	EndGlobalSection
	GlobalSection(ExtensibilityGlobals) = postSolution
		SolutionGuid = {891E4AFC-1760-4996-B86A-6380E044C508}
	EndGlobalSection
EndGlobal
